
Microsoft Visual Studio Solution File, Format Version 12.00
# Visual Studio Version 17
VisualStudioVersion = 17.4.33403.182
MinimumVisualStudioVersion = 10.0.40219.1
Project("{9A19103F-16F7-4668-BE54-9A1E7A4F7556}") = "DrivingSchool.Core", "DrivingSchool.Core\DrivingSchool.Core.csproj", "{274CA03C-2333-4A29-842F-A40D10313F4A}"
EndProject
Project("{9A19103F-16F7-4668-BE54-9A1E7A4F7556}") = "DrivingSchool.Data", "DrivingScool.Data\DrivingSchool.Data.csproj", "{9E1CE811-2C2D-4123-B95D-8C40F3B69C94}"
EndProject
Project("{9A19103F-16F7-4668-BE54-9A1E7A4F7556}") = "School.Services", "School.Services\School.Services.csproj", "{CDD6B036-0348-4207-BAB8-F7AE2B3BE6D5}"
EndProject
Project("{9A19103F-16F7-4668-BE54-9A1E7A4F7556}") = "SchoolApi", "SchoolApi\SchoolApi.csproj", "{9831448D-FF74-4DCF-8C9A-3542245E4F91}"
EndProject
Project("{9A19103F-16F7-4668-BE54-9A1E7A4F7556}") = "DrivingSchoolAPI.Tests", "School.Services.Tests\DrivingSchoolAPI.Tests.csproj", "{F80C3A83-BF0C-4387-9012-38C1BD15B8AA}"
EndProject
Project("{FAE04EC0-301F-11D3-BF4B-00C04F79EFBC}") = "SendGridEmailSender", "SendGridEmailSender\SendGridEmailSender.csproj", "{E4598E4D-ED01-402D-9C4F-7EF7D2844DB8}"
EndProject
Global
	GlobalSection(SolutionConfigurationPlatforms) = preSolution
		Debug|Any CPU = Debug|Any CPU
		Release|Any CPU = Release|Any CPU
	EndGlobalSection
	GlobalSection(ProjectConfigurationPlatforms) = postSolution
		{274CA03C-2333-4A29-842F-A40D10313F4A}.Debug|Any CPU.ActiveCfg = Debug|Any CPU
		{274CA03C-2333-4A29-842F-A40D10313F4A}.Debug|Any CPU.Build.0 = Debug|Any CPU
		{274CA03C-2333-4A29-842F-A40D10313F4A}.Release|Any CPU.ActiveCfg = Release|Any CPU
		{274CA03C-2333-4A29-842F-A40D10313F4A}.Release|Any CPU.Build.0 = Release|Any CPU
		{9E1CE811-2C2D-4123-B95D-8C40F3B69C94}.Debug|Any CPU.ActiveCfg = Debug|Any CPU
		{9E1CE811-2C2D-4123-B95D-8C40F3B69C94}.Debug|Any CPU.Build.0 = Debug|Any CPU
		{9E1CE811-2C2D-4123-B95D-8C40F3B69C94}.Release|Any CPU.ActiveCfg = Release|Any CPU
		{9E1CE811-2C2D-4123-B95D-8C40F3B69C94}.Release|Any CPU.Build.0 = Release|Any CPU
		{CDD6B036-0348-4207-BAB8-F7AE2B3BE6D5}.Debug|Any CPU.ActiveCfg = Debug|Any CPU
		{CDD6B036-0348-4207-BAB8-F7AE2B3BE6D5}.Debug|Any CPU.Build.0 = Debug|Any CPU
		{CDD6B036-0348-4207-BAB8-F7AE2B3BE6D5}.Release|Any CPU.ActiveCfg = Release|Any CPU
		{CDD6B036-0348-4207-BAB8-F7AE2B3BE6D5}.Release|Any CPU.Build.0 = Release|Any CPU
		{9831448D-FF74-4DCF-8C9A-3542245E4F91}.Debug|Any CPU.ActiveCfg = Debug|Any CPU
		{9831448D-FF74-4DCF-8C9A-3542245E4F91}.Debug|Any CPU.Build.0 = Debug|Any CPU
		{9831448D-FF74-4DCF-8C9A-3542245E4F91}.Release|Any CPU.ActiveCfg = Release|Any CPU
		{9831448D-FF74-4DCF-8C9A-3542245E4F91}.Release|Any CPU.Build.0 = Release|Any CPU
		{F80C3A83-BF0C-4387-9012-38C1BD15B8AA}.Debug|Any CPU.ActiveCfg = Debug|Any CPU
		{F80C3A83-BF0C-4387-9012-38C1BD15B8AA}.Debug|Any CPU.Build.0 = Debug|Any CPU
		{F80C3A83-BF0C-4387-9012-38C1BD15B8AA}.Release|Any CPU.ActiveCfg = Release|Any CPU
		{F80C3A83-BF0C-4387-9012-38C1BD15B8AA}.Release|Any CPU.Build.0 = Release|Any CPU
		{E4598E4D-ED01-402D-9C4F-7EF7D2844DB8}.Debug|Any CPU.ActiveCfg = Debug|Any CPU
		{E4598E4D-ED01-402D-9C4F-7EF7D2844DB8}.Debug|Any CPU.Build.0 = Debug|Any CPU
		{E4598E4D-ED01-402D-9C4F-7EF7D2844DB8}.Release|Any CPU.ActiveCfg = Release|Any CPU
		{E4598E4D-ED01-402D-9C4F-7EF7D2844DB8}.Release|Any CPU.Build.0 = Release|Any CPU
	EndGlobalSection
	GlobalSection(SolutionProperties) = preSolution
		HideSolutionNode = FALSE
	EndGlobalSection
	GlobalSection(ExtensibilityGlobals) = postSolution
		SolutionGuid = {340BA499-EBD4-4C62-B3F7-ACB96698B869}
	EndGlobalSection
EndGlobal
